{
  "name": "azdo-extension-team-randomizer",
  "version": "0.1.0",
  "lockfileVersion": 3,
  "requires": true,
  "packages": {
    "": {
      "name": "azdo-extension-team-randomizer",
      "version": "0.1.0",
      "dependencies": {
        "azure-devops-extension-sdk": "4.2.0"
      }
    },
    "node_modules/azure-devops-extension-sdk": {
      "version": "4.2.0",
      "resolved": "https://registry.npmjs.org/azure-devops-extension-sdk/-/azure-devops-extension-sdk-4.2.0.tgz",
      "integrity": "sha512-6/4Rgj0rvwgsymw1cDheGdlSUWnaa1IoJ/3vdQmqUCUZw6pSd+utxs4m5KBi3Eic8NiG7UjxoWgQQCFavgKehA==",
      "license": "MIT",
      "engines": {
        "node": ">=18.0.0"
      }
    }
  }
}
